
Microsoft Visual Studio Solution File, Format Version 12.00
# Visual Studio Version 17
VisualStudioVersion = 17.11.35327.3
MinimumVisualStudioVersion = 10.0.40219.1
Project("{FAE04EC0-301F-11D3-BF4B-00C04F79EFBC}") = "RandomEngineCSharp", "RandomEngineCSharp.csproj", "{4338DA51-96BD-459D-A7E4-864F4030EA19}"
EndProject
Global
	GlobalSection(SolutionConfigurationPlatforms) = preSolution
		Debug|Any CPU = Debug|Any CPU
		Release|Any CPU = Release|Any CPU
	EndGlobalSection
	GlobalSection(ProjectConfigurationPlatforms) = postSolution
		{4338DA51-96BD-459D-A7E4-864F4030EA19}.Debug|Any CPU.ActiveCfg = Debug|Any CPU
		{4338DA51-96BD-459D-A7E4-864F4030EA19}.Debug|Any CPU.Build.0 = Debug|Any CPU
		{4338DA51-96BD-459D-A7E4-864F4030EA19}.Release|Any CPU.ActiveCfg = Release|Any CPU
		{4338DA51-96BD-459D-A7E4-864F4030EA19}.Release|Any CPU.Build.0 = Release|Any CPU
	EndGlobalSection
	GlobalSection(SolutionProperties) = preSolution
		HideSolutionNode = FALSE
	EndGlobalSection
	GlobalSection(ExtensibilityGlobals) = postSolution
		SolutionGuid = {415FD8FD-F4B7-428A-9025-7EE8A9C352B7}
	EndGlobalSection
EndGlobal
